
Microsoft Visual Studio Solution File, Format Version 12.00
# Visual Studio Version 17
VisualStudioVersion = 17.7.33711.374
MinimumVisualStudioVersion = 10.0.40219.1
Project("{FAE04EC0-301F-11D3-BF4B-00C04F79EFBC}") = "desafio-dio-tdd", "desafio-dio-tdd\desafio-dio-tdd.csproj", "{DFF46B73-A9F1-42BB-AEFF-9B733E5EA32A}"
EndProject
Project("{FAE04EC0-301F-11D3-BF4B-00C04F79EFBC}") = "teste-desafio-dio-tdd", "teste-desafio-dio-tdd\teste-desafio-dio-tdd.csproj", "{0FD9B9B7-255D-4E41-B73C-E1B11B24A836}"
EndProject
Global
	GlobalSection(SolutionConfigurationPlatforms) = preSolution
		Debug|Any CPU = Debug|Any CPU
		Release|Any CPU = Release|Any CPU
	EndGlobalSection
	GlobalSection(ProjectConfigurationPlatforms) = postSolution
		{DFF46B73-A9F1-42BB-AEFF-9B733E5EA32A}.Debug|Any CPU.ActiveCfg = Debug|Any CPU
		{DFF46B73-A9F1-42BB-AEFF-9B733E5EA32A}.Debug|Any CPU.Build.0 = Debug|Any CPU
		{DFF46B73-A9F1-42BB-AEFF-9B733E5EA32A}.Release|Any CPU.ActiveCfg = Release|Any CPU
		{DFF46B73-A9F1-42BB-AEFF-9B733E5EA32A}.Release|Any CPU.Build.0 = Release|Any CPU
		{0FD9B9B7-255D-4E41-B73C-E1B11B24A836}.Debug|Any CPU.ActiveCfg = Debug|Any CPU
		{0FD9B9B7-255D-4E41-B73C-E1B11B24A836}.Debug|Any CPU.Build.0 = Debug|Any CPU
		{0FD9B9B7-255D-4E41-B73C-E1B11B24A836}.Release|Any CPU.ActiveCfg = Release|Any CPU
		{0FD9B9B7-255D-4E41-B73C-E1B11B24A836}.Release|Any CPU.Build.0 = Release|Any CPU
	EndGlobalSection
	GlobalSection(SolutionProperties) = preSolution
		HideSolutionNode = FALSE
	EndGlobalSection
	GlobalSection(ExtensibilityGlobals) = postSolution
		SolutionGuid = {3FE62434-14DD-4E21-8B0E-A3281E976801}
	EndGlobalSection
EndGlobal
